
Microsoft Visual Studio Solution File, Format Version 12.00
# Visual Studio Version 16
VisualStudioVersion = 16.0.30204.135
MinimumVisualStudioVersion = 10.0.40219.1
Project("{2150E333-8FDC-42A3-9474-1A3956D46DE8}") = "Server", "Server", "{817F2DD5-2BEE-458A-BD90-40A87C0158B2}"
EndProject
Project("{FAE04EC0-301F-11D3-BF4B-00C04F79EFBC}") = "TicketsBasket.Models", "TicketsBasket.Models\TicketsBasket.Models.csproj", "{72527EFD-69A1-4CF4-AC66-58C759386E1A}"
EndProject
Global
	GlobalSection(SolutionConfigurationPlatforms) = preSolution
		Debug|Any CPU = Debug|Any CPU
		Release|Any CPU = Release|Any CPU
	EndGlobalSection
	GlobalSection(ProjectConfigurationPlatforms) = postSolution
		{72527EFD-69A1-4CF4-AC66-58C759386E1A}.Debug|Any CPU.ActiveCfg = Debug|Any CPU
		{72527EFD-69A1-4CF4-AC66-58C759386E1A}.Debug|Any CPU.Build.0 = Debug|Any CPU
		{72527EFD-69A1-4CF4-AC66-58C759386E1A}.Release|Any CPU.ActiveCfg = Release|Any CPU
		{72527EFD-69A1-4CF4-AC66-58C759386E1A}.Release|Any CPU.Build.0 = Release|Any CPU
	EndGlobalSection
	GlobalSection(SolutionProperties) = preSolution
		HideSolutionNode = FALSE
	EndGlobalSection
	GlobalSection(NestedProjects) = preSolution
		{72527EFD-69A1-4CF4-AC66-58C759386E1A} = {817F2DD5-2BEE-458A-BD90-40A87C0158B2}
	EndGlobalSection
	GlobalSection(ExtensibilityGlobals) = postSolution
		SolutionGuid = {42718975-FC62-4DD1-A52F-6BC66CBC629B}
	EndGlobalSection
EndGlobal
