
Microsoft Visual Studio Solution File, Format Version 12.00
# Visual Studio Version 16
VisualStudioVersion = 16.0.30204.135
MinimumVisualStudioVersion = 10.0.40219.1
Project("{2150E333-8FDC-42A3-9474-1A3956D46DE8}") = "Server", "Server", "{817F2DD5-2BEE-458A-BD90-40A87C0158B2}"
EndProject
Project("{9A19103F-16F7-4668-BE54-9A1E7A4F7556}") = "TicketsBasket.Models", "TicketsBasket.Models\TicketsBasket.Models.csproj", "{72527EFD-69A1-4CF4-AC66-58C759386E1A}"
EndProject
Project("{9A19103F-16F7-4668-BE54-9A1E7A4F7556}") = "TicketsBasket.Api", "TicketsBasket.Api\TicketsBasket.Api.csproj", "{955689E9-AACE-453A-9913-28503EC5C12A}"
EndProject
Project("{2150E333-8FDC-42A3-9474-1A3956D46DE8}") = "Client", "Client", "{808D6B50-9C54-4F2D-BB7F-609AF21AE24D}"
EndProject
Project("{9A19103F-16F7-4668-BE54-9A1E7A4F7556}") = "TicketsBasket", "TicketsBasket.Blazor\TicketsBasket.csproj", "{9F49100C-4EDC-4A42-B791-00FBF6FF24D1}"
EndProject
Project("{9A19103F-16F7-4668-BE54-9A1E7A4F7556}") = "TicketsBasket.Repositories", "TicketsBasket.Repositories\TicketsBasket.Repositories.csproj", "{35CA27BC-7C21-458D-88F7-F280BF27F5C7}"
EndProject
Project("{9A19103F-16F7-4668-BE54-9A1E7A4F7556}") = "TicketsBasket.Services", "TicketsBasket.Services\TicketsBasket.Services.csproj", "{54190EBE-5CBA-4E3E-86EF-76EAB1D4DA62}"
EndProject
Project("{9A19103F-16F7-4668-BE54-9A1E7A4F7556}") = "TicketsBasket.Shared", "TicketsBasket.Shared\TicketsBasket.Shared.csproj", "{7F869AAE-09CC-4DEB-B3F8-BA76CEED9C78}"
EndProject
Project("{9A19103F-16F7-4668-BE54-9A1E7A4F7556}") = "TicketsBasket.Infrastructure", "TicketsBasket.Infrastructure\TicketsBasket.Infrastructure.csproj", "{72A532B0-3122-4804-B65F-6F11C2C43428}"
EndProject
Project("{2150E333-8FDC-42A3-9474-1A3956D46DE8}") = "Functions", "Functions", "{6FC6A59B-1272-42A9-A031-B8DA767CC62B}"
EndProject
Project("{9A19103F-16F7-4668-BE54-9A1E7A4F7556}") = "TicketsBasket_Functions_ThumpGenerator", "TicketsBasket.Functions.ThumpGenerator\TicketsBasket_Functions_ThumpGenerator.csproj", "{33D73592-DE04-483A-90A1-598B83DB715E}"
EndProject
Global
	GlobalSection(SolutionConfigurationPlatforms) = preSolution
		Debug|Any CPU = Debug|Any CPU
		Release|Any CPU = Release|Any CPU
	EndGlobalSection
	GlobalSection(ProjectConfigurationPlatforms) = postSolution
		{72527EFD-69A1-4CF4-AC66-58C759386E1A}.Debug|Any CPU.ActiveCfg = Debug|Any CPU
		{72527EFD-69A1-4CF4-AC66-58C759386E1A}.Debug|Any CPU.Build.0 = Debug|Any CPU
		{72527EFD-69A1-4CF4-AC66-58C759386E1A}.Release|Any CPU.ActiveCfg = Release|Any CPU
		{72527EFD-69A1-4CF4-AC66-58C759386E1A}.Release|Any CPU.Build.0 = Release|Any CPU
		{955689E9-AACE-453A-9913-28503EC5C12A}.Debug|Any CPU.ActiveCfg = Debug|Any CPU
		{955689E9-AACE-453A-9913-28503EC5C12A}.Debug|Any CPU.Build.0 = Debug|Any CPU
		{955689E9-AACE-453A-9913-28503EC5C12A}.Release|Any CPU.ActiveCfg = Release|Any CPU
		{955689E9-AACE-453A-9913-28503EC5C12A}.Release|Any CPU.Build.0 = Release|Any CPU
		{9F49100C-4EDC-4A42-B791-00FBF6FF24D1}.Debug|Any CPU.ActiveCfg = Debug|Any CPU
		{9F49100C-4EDC-4A42-B791-00FBF6FF24D1}.Debug|Any CPU.Build.0 = Debug|Any CPU
		{9F49100C-4EDC-4A42-B791-00FBF6FF24D1}.Release|Any CPU.ActiveCfg = Release|Any CPU
		{9F49100C-4EDC-4A42-B791-00FBF6FF24D1}.Release|Any CPU.Build.0 = Release|Any CPU
		{35CA27BC-7C21-458D-88F7-F280BF27F5C7}.Debug|Any CPU.ActiveCfg = Debug|Any CPU
		{35CA27BC-7C21-458D-88F7-F280BF27F5C7}.Debug|Any CPU.Build.0 = Debug|Any CPU
		{35CA27BC-7C21-458D-88F7-F280BF27F5C7}.Release|Any CPU.ActiveCfg = Release|Any CPU
		{35CA27BC-7C21-458D-88F7-F280BF27F5C7}.Release|Any CPU.Build.0 = Release|Any CPU
		{54190EBE-5CBA-4E3E-86EF-76EAB1D4DA62}.Debug|Any CPU.ActiveCfg = Debug|Any CPU
		{54190EBE-5CBA-4E3E-86EF-76EAB1D4DA62}.Debug|Any CPU.Build.0 = Debug|Any CPU
		{54190EBE-5CBA-4E3E-86EF-76EAB1D4DA62}.Release|Any CPU.ActiveCfg = Release|Any CPU
		{54190EBE-5CBA-4E3E-86EF-76EAB1D4DA62}.Release|Any CPU.Build.0 = Release|Any CPU
		{7F869AAE-09CC-4DEB-B3F8-BA76CEED9C78}.Debug|Any CPU.ActiveCfg = Debug|Any CPU
		{7F869AAE-09CC-4DEB-B3F8-BA76CEED9C78}.Debug|Any CPU.Build.0 = Debug|Any CPU
		{7F869AAE-09CC-4DEB-B3F8-BA76CEED9C78}.Release|Any CPU.ActiveCfg = Release|Any CPU
		{7F869AAE-09CC-4DEB-B3F8-BA76CEED9C78}.Release|Any CPU.Build.0 = Release|Any CPU
		{72A532B0-3122-4804-B65F-6F11C2C43428}.Debug|Any CPU.ActiveCfg = Debug|Any CPU
		{72A532B0-3122-4804-B65F-6F11C2C43428}.Debug|Any CPU.Build.0 = Debug|Any CPU
		{72A532B0-3122-4804-B65F-6F11C2C43428}.Release|Any CPU.ActiveCfg = Release|Any CPU
		{72A532B0-3122-4804-B65F-6F11C2C43428}.Release|Any CPU.Build.0 = Release|Any CPU
		{33D73592-DE04-483A-90A1-598B83DB715E}.Debug|Any CPU.ActiveCfg = Debug|Any CPU
		{33D73592-DE04-483A-90A1-598B83DB715E}.Debug|Any CPU.Build.0 = Debug|Any CPU
		{33D73592-DE04-483A-90A1-598B83DB715E}.Release|Any CPU.ActiveCfg = Release|Any CPU
		{33D73592-DE04-483A-90A1-598B83DB715E}.Release|Any CPU.Build.0 = Release|Any CPU
	EndGlobalSection
	GlobalSection(SolutionProperties) = preSolution
		HideSolutionNode = FALSE
	EndGlobalSection
	GlobalSection(NestedProjects) = preSolution
		{72527EFD-69A1-4CF4-AC66-58C759386E1A} = {817F2DD5-2BEE-458A-BD90-40A87C0158B2}
		{955689E9-AACE-453A-9913-28503EC5C12A} = {817F2DD5-2BEE-458A-BD90-40A87C0158B2}
		{9F49100C-4EDC-4A42-B791-00FBF6FF24D1} = {808D6B50-9C54-4F2D-BB7F-609AF21AE24D}
		{35CA27BC-7C21-458D-88F7-F280BF27F5C7} = {817F2DD5-2BEE-458A-BD90-40A87C0158B2}
		{54190EBE-5CBA-4E3E-86EF-76EAB1D4DA62} = {817F2DD5-2BEE-458A-BD90-40A87C0158B2}
		{72A532B0-3122-4804-B65F-6F11C2C43428} = {817F2DD5-2BEE-458A-BD90-40A87C0158B2}
		{33D73592-DE04-483A-90A1-598B83DB715E} = {6FC6A59B-1272-42A9-A031-B8DA767CC62B}
	EndGlobalSection
	GlobalSection(ExtensibilityGlobals) = postSolution
		SolutionGuid = {42718975-FC62-4DD1-A52F-6BC66CBC629B}
	EndGlobalSection
EndGlobal
